// !$*UTF8*$!
{
	archiveVersion = 1;
	classes = {
	};
	objectVersion = 56;
	objects = {

/* Begin PBXBuildFile section */
		148A815E2A07D0FE0023C163 /* ToDoListApp.swift in Sources */ = {isa = PBXBuildFile; fileRef = 148A815D2A07D0FE0023C163 /* ToDoListApp.swift */; };
		148A81602A07D0FE0023C163 /* MainView.swift in Sources */ = {isa = PBXBuildFile; fileRef = 148A815F2A07D0FE0023C163 /* MainView.swift */; };
		148A81622A07D0FE0023C163 /* Assets.xcassets in Resources */ = {isa = PBXBuildFile; fileRef = 148A81612A07D0FE0023C163 /* Assets.xcassets */; };
		148A81652A07D0FE0023C163 /* Preview Assets.xcassets in Resources */ = {isa = PBXBuildFile; fileRef = 148A81642A07D0FE0023C163 /* Preview Assets.xcassets */; };
		148A816D2A07D1D10023C163 /* FirebaseAuth in Frameworks */ = {isa = PBXBuildFile; productRef = 148A816C2A07D1D10023C163 /* FirebaseAuth */; };
		148A816F2A07D1D10023C163 /* FirebaseFirestore in Frameworks */ = {isa = PBXBuildFile; productRef = 148A816E2A07D1D10023C163 /* FirebaseFirestore */; };
		148A81712A07D1D10023C163 /* FirebaseFirestoreSwift in Frameworks */ = {isa = PBXBuildFile; productRef = 148A81702A07D1D10023C163 /* FirebaseFirestoreSwift */; };
		148A81732A07D49F0023C163 /* GoogleService-Info.plist in Resources */ = {isa = PBXBuildFile; fileRef = 148A81722A07D49F0023C163 /* GoogleService-Info.plist */; };
		148A81792A07DA4E0023C163 /* ProfileView.swift in Sources */ = {isa = PBXBuildFile; fileRef = 148A81782A07DA4E0023C163 /* ProfileView.swift */; };
		148A817B2A07DA610023C163 /* RegisterView.swift in Sources */ = {isa = PBXBuildFile; fileRef = 148A817A2A07DA610023C163 /* RegisterView.swift */; };
		148A817D2A07DA8A0023C163 /* LoginView.swift in Sources */ = {isa = PBXBuildFile; fileRef = 148A817C2A07DA8A0023C163 /* LoginView.swift */; };
		148A817F2A07DAB40023C163 /* ToDoListItemView.swift in Sources */ = {isa = PBXBuildFile; fileRef = 148A817E2A07DAB40023C163 /* ToDoListItemView.swift */; };
		148A81812A07DACB0023C163 /* NewItemView.swift in Sources */ = {isa = PBXBuildFile; fileRef = 148A81802A07DACB0023C163 /* NewItemView.swift */; };
		148A81832A07DB0C0023C163 /* ToDoListView.swift in Sources */ = {isa = PBXBuildFile; fileRef = 148A81822A07DB0C0023C163 /* ToDoListView.swift */; };
		148A81852A07DB6F0023C163 /* User.swift in Sources */ = {isa = PBXBuildFile; fileRef = 148A81842A07DB6F0023C163 /* User.swift */; };
		148A81872A07DB7F0023C163 /* ToDolistItem.swift in Sources */ = {isa = PBXBuildFile; fileRef = 148A81862A07DB7F0023C163 /* ToDolistItem.swift */; };
		148A81892A07DBEB0023C163 /* MainViewModel.swift in Sources */ = {isa = PBXBuildFile; fileRef = 148A81882A07DBEB0023C163 /* MainViewModel.swift */; };
		148A818B2A07DBFA0023C163 /* LoginViewModel.swift in Sources */ = {isa = PBXBuildFile; fileRef = 148A818A2A07DBFA0023C163 /* LoginViewModel.swift */; };
		148A818D2A07DC100023C163 /* ToDoListViewModel.swift in Sources */ = {isa = PBXBuildFile; fileRef = 148A818C2A07DC100023C163 /* ToDoListViewModel.swift */; };
		148A818F2A07DC2A0023C163 /* ProfileViewModel.swift in Sources */ = {isa = PBXBuildFile; fileRef = 148A818E2A07DC2A0023C163 /* ProfileViewModel.swift */; };
		148A81912A07DC780023C163 /* ToDoListItemViewModel.swift in Sources */ = {isa = PBXBuildFile; fileRef = 148A81902A07DC780023C163 /* ToDoListItemViewModel.swift */; };
		148A81932A07DC9C0023C163 /* NewItemViewModel.swift in Sources */ = {isa = PBXBuildFile; fileRef = 148A81922A07DC9C0023C163 /* NewItemViewModel.swift */; };
		148A81952A07DCAF0023C163 /* RegisterViewModel.swift in Sources */ = {isa = PBXBuildFile; fileRef = 148A81942A07DCAF0023C163 /* RegisterViewModel.swift */; };
		148A81972A07E0A40023C163 /* HeaderView.swift in Sources */ = {isa = PBXBuildFile; fileRef = 148A81962A07E0A40023C163 /* HeaderView.swift */; };
		148A81992A08168A0023C163 /* TLButton.swift in Sources */ = {isa = PBXBuildFile; fileRef = 148A81982A08168A0023C163 /* TLButton.swift */; };
		148A819B2A09794E0023C163 /* Extensions.swift in Sources */ = {isa = PBXBuildFile; fileRef = 148A819A2A09794E0023C163 /* Extensions.swift */; };
		148A819F2A12B4EF0023C163 /* Launch Screen.storyboard in Resources */ = {isa = PBXBuildFile; fileRef = 148A819E2A12B4EF0023C163 /* Launch Screen.storyboard */; };
/* End PBXBuildFile section */

/* Begin PBXFileReference section */
		148A815A2A07D0FE0023C163 /* ToDoList.app */ = {isa = PBXFileReference; explicitFileType = wrapper.application; includeInIndex = 0; path = ToDoList.app; sourceTree = BUILT_PRODUCTS_DIR; };
		148A815D2A07D0FE0023C163 /* ToDoListApp.swift */ = {isa = PBXFileReference; lastKnownFileType = sourcecode.swift; path = ToDoListApp.swift; sourceTree = "<group>"; };
		148A815F2A07D0FE0023C163 /* MainView.swift */ = {isa = PBXFileReference; lastKnownFileType = sourcecode.swift; path = MainView.swift; sourceTree = "<group>"; };
		148A81612A07D0FE0023C163 /* Assets.xcassets */ = {isa = PBXFileReference; lastKnownFileType = folder.assetcatalog; path = Assets.xcassets; sourceTree = "<group>"; };
		148A81642A07D0FE0023C163 /* Preview Assets.xcassets */ = {isa = PBXFileReference; lastKnownFileType = folder.assetcatalog; path = "Preview Assets.xcassets"; sourceTree = "<group>"; };
		148A81722A07D49F0023C163 /* GoogleService-Info.plist */ = {isa = PBXFileReference; fileEncoding = 4; lastKnownFileType = text.plist.xml; path = "GoogleService-Info.plist"; sourceTree = "<group>"; };
		148A81782A07DA4E0023C163 /* ProfileView.swift */ = {isa = PBXFileReference; lastKnownFileType = sourcecode.swift; path = ProfileView.swift; sourceTree = "<group>"; };
		148A817A2A07DA610023C163 /* RegisterView.swift */ = {isa = PBXFileReference; lastKnownFileType = sourcecode.swift; path = RegisterView.swift; sourceTree = "<group>"; };
		148A817C2A07DA8A0023C163 /* LoginView.swift */ = {isa = PBXFileReference; lastKnownFileType = sourcecode.swift; path = LoginView.swift; sourceTree = "<group>"; };
		148A817E2A07DAB40023C163 /* ToDoListItemView.swift */ = {isa = PBXFileReference; lastKnownFileType = sourcecode.swift; path = ToDoListItemView.swift; sourceTree = "<group>"; };
		148A81802A07DACB0023C163 /* NewItemView.swift */ = {isa = PBXFileReference; lastKnownFileType = sourcecode.swift; path = NewItemView.swift; sourceTree = "<group>"; };
		148A81822A07DB0C0023C163 /* ToDoListView.swift */ = {isa = PBXFileReference; lastKnownFileType = sourcecode.swift; path = ToDoListView.swift; sourceTree = "<group>"; };
		148A81842A07DB6F0023C163 /* User.swift */ = {isa = PBXFileReference; lastKnownFileType = sourcecode.swift; path = User.swift; sourceTree = "<group>"; };
		148A81862A07DB7F0023C163 /* ToDolistItem.swift */ = {isa = PBXFileReference; lastKnownFileType = sourcecode.swift; path = ToDolistItem.swift; sourceTree = "<group>"; };
		148A81882A07DBEB0023C163 /* MainViewModel.swift */ = {isa = PBXFileReference; lastKnownFileType = sourcecode.swift; path = MainViewModel.swift; sourceTree = "<group>"; };
		148A818A2A07DBFA0023C163 /* LoginViewModel.swift */ = {isa = PBXFileReference; lastKnownFileType = sourcecode.swift; path = LoginViewModel.swift; sourceTree = "<group>"; };
		148A818C2A07DC100023C163 /* ToDoListViewModel.swift */ = {isa = PBXFileReference; lastKnownFileType = sourcecode.swift; path = ToDoListViewModel.swift; sourceTree = "<group>"; };
		148A818E2A07DC2A0023C163 /* ProfileViewModel.swift */ = {isa = PBXFileReference; lastKnownFileType = sourcecode.swift; path = ProfileViewModel.swift; sourceTree = "<group>"; };
		148A81902A07DC780023C163 /* ToDoListItemViewModel.swift */ = {isa = PBXFileReference; lastKnownFileType = sourcecode.swift; path = ToDoListItemViewModel.swift; sourceTree = "<group>"; };
		148A81922A07DC9C0023C163 /* NewItemViewModel.swift */ = {isa = PBXFileReference; lastKnownFileType = sourcecode.swift; path = NewItemViewModel.swift; sourceTree = "<group>"; };
		148A81942A07DCAF0023C163 /* RegisterViewModel.swift */ = {isa = PBXFileReference; lastKnownFileType = sourcecode.swift; path = RegisterViewModel.swift; sourceTree = "<group>"; };
		148A81962A07E0A40023C163 /* HeaderView.swift */ = {isa = PBXFileReference; lastKnownFileType = sourcecode.swift; path = HeaderView.swift; sourceTree = "<group>"; };
		148A81982A08168A0023C163 /* TLButton.swift */ = {isa = PBXFileReference; lastKnownFileType = sourcecode.swift; path = TLButton.swift; sourceTree = "<group>"; };
		148A819A2A09794E0023C163 /* Extensions.swift */ = {isa = PBXFileReference; lastKnownFileType = sourcecode.swift; path = Extensions.swift; sourceTree = "<group>"; };
		148A819E2A12B4EF0023C163 /* Launch Screen.storyboard */ = {isa = PBXFileReference; lastKnownFileType = file.storyboard; path = "Launch Screen.storyboard"; sourceTree = "<group>"; };
/* End PBXFileReference section */

/* Begin PBXFrameworksBuildPhase section */
		148A81572A07D0FE0023C163 /* Frameworks */ = {
			isa = PBXFrameworksBuildPhase;
			buildActionMask = 2147483647;
			files = (
				148A816D2A07D1D10023C163 /* FirebaseAuth in Frameworks */,
				148A816F2A07D1D10023C163 /* FirebaseFirestore in Frameworks */,
				148A81712A07D1D10023C163 /* FirebaseFirestoreSwift in Frameworks */,
			);
			runOnlyForDeploymentPostprocessing = 0;
		};
/* End PBXFrameworksBuildPhase section */

/* Begin PBXGroup section */
		148A81512A07D0FD0023C163 = {
			isa = PBXGroup;
			children = (
				148A815C2A07D0FE0023C163 /* ToDoList */,
				148A815B2A07D0FE0023C163 /* Products */,
			);
			sourceTree = "<group>";
		};
		148A815B2A07D0FE0023C163 /* Products */ = {
			isa = PBXGroup;
			children = (
				148A815A2A07D0FE0023C163 /* ToDoList.app */,
			);
			name = Products;
			sourceTree = "<group>";
		};
		148A815C2A07D0FE0023C163 /* ToDoList */ = {
			isa = PBXGroup;
			children = (
				148A81772A07D8B70023C163 /* Others */,
				148A81762A07D8AF0023C163 /* Models */,
				148A81752A07D8900023C163 /* ViewsModels */,
				148A81742A07D8890023C163 /* Views */,
				148A81632A07D0FE0023C163 /* Preview Content */,
			);
			path = ToDoList;
			sourceTree = "<group>";
		};
		148A81632A07D0FE0023C163 /* Preview Content */ = {
			isa = PBXGroup;
			children = (
				148A81642A07D0FE0023C163 /* Preview Assets.xcassets */,
			);
			path = "Preview Content";
			sourceTree = "<group>";
		};
		148A81742A07D8890023C163 /* Views */ = {
			isa = PBXGroup;
			children = (
				148A815F2A07D0FE0023C163 /* MainView.swift */,
				148A81982A08168A0023C163 /* TLButton.swift */,
				148A81962A07E0A40023C163 /* HeaderView.swift */,
				148A817C2A07DA8A0023C163 /* LoginView.swift */,
				148A817E2A07DAB40023C163 /* ToDoListItemView.swift */,
				148A81802A07DACB0023C163 /* NewItemView.swift */,
				148A81822A07DB0C0023C163 /* ToDoListView.swift */,
				148A81782A07DA4E0023C163 /* ProfileView.swift */,
				148A817A2A07DA610023C163 /* RegisterView.swift */,
			);
			path = Views;
			sourceTree = "<group>";
		};
		148A81752A07D8900023C163 /* ViewsModels */ = {
			isa = PBXGroup;
			children = (
				148A81882A07DBEB0023C163 /* MainViewModel.swift */,
				148A818A2A07DBFA0023C163 /* LoginViewModel.swift */,
				148A818E2A07DC2A0023C163 /* ProfileViewModel.swift */,
				148A81942A07DCAF0023C163 /* RegisterViewModel.swift */,
				148A81922A07DC9C0023C163 /* NewItemViewModel.swift */,
				148A818C2A07DC100023C163 /* ToDoListViewModel.swift */,
				148A81902A07DC780023C163 /* ToDoListItemViewModel.swift */,
			);
			path = ViewsModels;
			sourceTree = "<group>";
		};
		148A81762A07D8AF0023C163 /* Models */ = {
			isa = PBXGroup;
			children = (
				148A81842A07DB6F0023C163 /* User.swift */,
				148A81862A07DB7F0023C163 /* ToDolistItem.swift */,
			);
			path = Models;
			sourceTree = "<group>";
		};
		148A81772A07D8B70023C163 /* Others */ = {
			isa = PBXGroup;
			children = (
				148A81722A07D49F0023C163 /* GoogleService-Info.plist */,
				148A815D2A07D0FE0023C163 /* ToDoListApp.swift */,
				148A819A2A09794E0023C163 /* Extensions.swift */,
				148A81612A07D0FE0023C163 /* Assets.xcassets */,
				148A819E2A12B4EF0023C163 /* Launch Screen.storyboard */,
			);
			path = Others;
			sourceTree = "<group>";
		};
/* End PBXGroup section */

/* Begin PBXNativeTarget section */
		148A81592A07D0FE0023C163 /* ToDoList */ = {
			isa = PBXNativeTarget;
			buildConfigurationList = 148A81682A07D0FE0023C163 /* Build configuration list for PBXNativeTarget "ToDoList" */;
			buildPhases = (
				148A81562A07D0FE0023C163 /* Sources */,
				148A81572A07D0FE0023C163 /* Frameworks */,
				148A81582A07D0FE0023C163 /* Resources */,
			);
			buildRules = (
			);
			dependencies = (
			);
			name = ToDoList;
			packageProductDependencies = (
				148A816C2A07D1D10023C163 /* FirebaseAuth */,
				148A816E2A07D1D10023C163 /* FirebaseFirestore */,
				148A81702A07D1D10023C163 /* FirebaseFirestoreSwift */,
			);
			productName = ToDoList;
			productReference = 148A815A2A07D0FE0023C163 /* ToDoList.app */;
			productType = "com.apple.product-type.application";
		};
/* End PBXNativeTarget section */

/* Begin PBXProject section */
		148A81522A07D0FD0023C163 /* Project object */ = {
			isa = PBXProject;
			attributes = {
				BuildIndependentTargetsInParallel = 1;
				LastSwiftUpdateCheck = 1430;
				LastUpgradeCheck = 1430;
				TargetAttributes = {
					148A81592A07D0FE0023C163 = {
						CreatedOnToolsVersion = 14.3;
					};
				};
			};
			buildConfigurationList = 148A81552A07D0FD0023C163 /* Build configuration list for PBXProject "ToDoList" */;
			compatibilityVersion = "Xcode 14.0";
			developmentRegion = en;
			hasScannedForEncodings = 0;
			knownRegions = (
				en,
				Base,
			);
			mainGroup = 148A81512A07D0FD0023C163;
			packageReferences = (
				148A816B2A07D1D10023C163 /* XCRemoteSwiftPackageReference "firebase-ios-sdk" */,
			);
			productRefGroup = 148A815B2A07D0FE0023C163 /* Products */;
			projectDirPath = "";
			projectRoot = "";
			targets = (
				148A81592A07D0FE0023C163 /* ToDoList */,
			);
		};
/* End PBXProject section */

/* Begin PBXResourcesBuildPhase section */
		148A81582A07D0FE0023C163 /* Resources */ = {
			isa = PBXResourcesBuildPhase;
			buildActionMask = 2147483647;
			files = (
				148A81652A07D0FE0023C163 /* Preview Assets.xcassets in Resources */,
				148A81622A07D0FE0023C163 /* Assets.xcassets in Resources */,
				148A819F2A12B4EF0023C163 /* Launch Screen.storyboard in Resources */,
				148A81732A07D49F0023C163 /* GoogleService-Info.plist in Resources */,
			);
			runOnlyForDeploymentPostprocessing = 0;
		};
/* End PBXResourcesBuildPhase section */

/* Begin PBXSourcesBuildPhase section */
		148A81562A07D0FE0023C163 /* Sources */ = {
			isa = PBXSourcesBuildPhase;
			buildActionMask = 2147483647;
			files = (
				148A81602A07D0FE0023C163 /* MainView.swift in Sources */,
				148A81972A07E0A40023C163 /* HeaderView.swift in Sources */,
				148A817F2A07DAB40023C163 /* ToDoListItemView.swift in Sources */,
				148A81892A07DBEB0023C163 /* MainViewModel.swift in Sources */,
				148A81832A07DB0C0023C163 /* ToDoListView.swift in Sources */,
				148A81812A07DACB0023C163 /* NewItemView.swift in Sources */,
				148A817B2A07DA610023C163 /* RegisterView.swift in Sources */,
				148A81992A08168A0023C163 /* TLButton.swift in Sources */,
				148A81932A07DC9C0023C163 /* NewItemViewModel.swift in Sources */,
				148A81852A07DB6F0023C163 /* User.swift in Sources */,
				148A81912A07DC780023C163 /* ToDoListItemViewModel.swift in Sources */,
				148A81952A07DCAF0023C163 /* RegisterViewModel.swift in Sources */,
				148A818B2A07DBFA0023C163 /* LoginViewModel.swift in Sources */,
				148A81872A07DB7F0023C163 /* ToDolistItem.swift in Sources */,
				148A818D2A07DC100023C163 /* ToDoListViewModel.swift in Sources */,
				148A819B2A09794E0023C163 /* Extensions.swift in Sources */,
				148A81792A07DA4E0023C163 /* ProfileView.swift in Sources */,
				148A818F2A07DC2A0023C163 /* ProfileViewModel.swift in Sources */,
				148A817D2A07DA8A0023C163 /* LoginView.swift in Sources */,
				148A815E2A07D0FE0023C163 /* ToDoListApp.swift in Sources */,
			);
			runOnlyForDeploymentPostprocessing = 0;
		};
/* End PBXSourcesBuildPhase section */

/* Begin XCBuildConfiguration section */
		148A81662A07D0FE0023C163 /* Debug */ = {
			isa = XCBuildConfiguration;
			buildSettings = {
				ALWAYS_SEARCH_USER_PATHS = NO;
				CLANG_ANALYZER_NONNULL = YES;
				CLANG_ANALYZER_NUMBER_OBJECT_CONVERSION = YES_AGGRESSIVE;
				CLANG_CXX_LANGUAGE_STANDARD = "gnu++20";
				CLANG_ENABLE_MODULES = YES;
				CLANG_ENABLE_OBJC_ARC = YES;
				CLANG_ENABLE_OBJC_WEAK = YES;
				CLANG_WARN_BLOCK_CAPTURE_AUTORELEASING = YES;
				CLANG_WARN_BOOL_CONVERSION = YES;
				CLANG_WARN_COMMA = YES;
				CLANG_WARN_CONSTANT_CONVERSION = YES;
				CLANG_WARN_DEPRECATED_OBJC_IMPLEMENTATIONS = YES;
				CLANG_WARN_DIRECT_OBJC_ISA_USAGE = YES_ERROR;
				CLANG_WARN_DOCUMENTATION_COMMENTS = YES;
				CLANG_WARN_EMPTY_BODY = YES;
				CLANG_WARN_ENUM_CONVERSION = YES;
				CLANG_WARN_INFINITE_RECURSION = YES;
				CLANG_WARN_INT_CONVERSION = YES;
				CLANG_WARN_NON_LITERAL_NULL_CONVERSION = YES;
				CLANG_WARN_OBJC_IMPLICIT_RETAIN_SELF = YES;
				CLANG_WARN_OBJC_LITERAL_CONVERSION = YES;
				CLANG_WARN_OBJC_ROOT_CLASS = YES_ERROR;
				CLANG_WARN_QUOTED_INCLUDE_IN_FRAMEWORK_HEADER = YES;
				CLANG_WARN_RANGE_LOOP_ANALYSIS = YES;
				CLANG_WARN_STRICT_PROTOTYPES = YES;
				CLANG_WARN_SUSPICIOUS_MOVE = YES;
				CLANG_WARN_UNGUARDED_AVAILABILITY = YES_AGGRESSIVE;
				CLANG_WARN_UNREACHABLE_CODE = YES;
				CLANG_WARN__DUPLICATE_METHOD_MATCH = YES;
				COPY_PHASE_STRIP = NO;
				DEBUG_INFORMATION_FORMAT = dwarf;
				ENABLE_STRICT_OBJC_MSGSEND = YES;
				ENABLE_TESTABILITY = YES;
				GCC_C_LANGUAGE_STANDARD = gnu11;
				GCC_DYNAMIC_NO_PIC = NO;
				GCC_NO_COMMON_BLOCKS = YES;
				GCC_OPTIMIZATION_LEVEL = 0;
				GCC_PREPROCESSOR_DEFINITIONS = (
					"DEBUG=1",
					"$(inherited)",
				);
				GCC_WARN_64_TO_32_BIT_CONVERSION = YES;
				GCC_WARN_ABOUT_RETURN_TYPE = YES_ERROR;
				GCC_WARN_UNDECLARED_SELECTOR = YES;
				GCC_WARN_UNINITIALIZED_AUTOS = YES_AGGRESSIVE;
				GCC_WARN_UNUSED_FUNCTION = YES;
				GCC_WARN_UNUSED_VARIABLE = YES;
				IPHONEOS_DEPLOYMENT_TARGET = 16.4;
				MTL_ENABLE_DEBUG_INFO = INCLUDE_SOURCE;
				MTL_FAST_MATH = YES;
				ONLY_ACTIVE_ARCH = YES;
				SDKROOT = iphoneos;
				SWIFT_ACTIVE_COMPILATION_CONDITIONS = DEBUG;
				SWIFT_OPTIMIZATION_LEVEL = "-Onone";
			};
			name = Debug;
		};
		148A81672A07D0FE0023C163 /* Release */ = {
			isa = XCBuildConfiguration;
			buildSettings = {
				ALWAYS_SEARCH_USER_PATHS = NO;
				CLANG_ANALYZER_NONNULL = YES;
				CLANG_ANALYZER_NUMBER_OBJECT_CONVERSION = YES_AGGRESSIVE;
				CLANG_CXX_LANGUAGE_STANDARD = "gnu++20";
				CLANG_ENABLE_MODULES = YES;
				CLANG_ENABLE_OBJC_ARC = YES;
				CLANG_ENABLE_OBJC_WEAK = YES;
				CLANG_WARN_BLOCK_CAPTURE_AUTORELEASING = YES;
				CLANG_WARN_BOOL_CONVERSION = YES;
				CLANG_WARN_COMMA = YES;
				CLANG_WARN_CONSTANT_CONVERSION = YES;
				CLANG_WARN_DEPRECATED_OBJC_IMPLEMENTATIONS = YES;
				CLANG_WARN_DIRECT_OBJC_ISA_USAGE = YES_ERROR;
				CLANG_WARN_DOCUMENTATION_COMMENTS = YES;
				CLANG_WARN_EMPTY_BODY = YES;
				CLANG_WARN_ENUM_CONVERSION = YES;
				CLANG_WARN_INFINITE_RECURSION = YES;
				CLANG_WARN_INT_CONVERSION = YES;
				CLANG_WARN_NON_LITERAL_NULL_CONVERSION = YES;
				CLANG_WARN_OBJC_IMPLICIT_RETAIN_SELF = YES;
				CLANG_WARN_OBJC_LITERAL_CONVERSION = YES;
				CLANG_WARN_OBJC_ROOT_CLASS = YES_ERROR;
				CLANG_WARN_QUOTED_INCLUDE_IN_FRAMEWORK_HEADER = YES;
				CLANG_WARN_RANGE_LOOP_ANALYSIS = YES;
				CLANG_WARN_STRICT_PROTOTYPES = YES;
				CLANG_WARN_SUSPICIOUS_MOVE = YES;
				CLANG_WARN_UNGUARDED_AVAILABILITY = YES_AGGRESSIVE;
				CLANG_WARN_UNREACHABLE_CODE = YES;
				CLANG_WARN__DUPLICATE_METHOD_MATCH = YES;
				COPY_PHASE_STRIP = NO;
				DEBUG_INFORMATION_FORMAT = "dwarf-with-dsym";
				ENABLE_NS_ASSERTIONS = NO;
				ENABLE_STRICT_OBJC_MSGSEND = YES;
				GCC_C_LANGUAGE_STANDARD = gnu11;
				GCC_NO_COMMON_BLOCKS = YES;
				GCC_WARN_64_TO_32_BIT_CONVERSION = YES;
				GCC_WARN_ABOUT_RETURN_TYPE = YES_ERROR;
				GCC_WARN_UNDECLARED_SELECTOR = YES;
				GCC_WARN_UNINITIALIZED_AUTOS = YES_AGGRESSIVE;
				GCC_WARN_UNUSED_FUNCTION = YES;
				GCC_WARN_UNUSED_VARIABLE = YES;
				IPHONEOS_DEPLOYMENT_TARGET = 16.4;
				MTL_ENABLE_DEBUG_INFO = NO;
				MTL_FAST_MATH = YES;
				SDKROOT = iphoneos;
				SWIFT_COMPILATION_MODE = wholemodule;
				SWIFT_OPTIMIZATION_LEVEL = "-O";
				VALIDATE_PRODUCT = YES;
			};
			name = Release;
		};
		148A81692A07D0FE0023C163 /* Debug */ = {
			isa = XCBuildConfiguration;
			buildSettings = {
				ASSETCATALOG_COMPILER_APPICON_NAME = AppIcon;
				ASSETCATALOG_COMPILER_GLOBAL_ACCENT_COLOR_NAME = AccentColor;
				CODE_SIGN_STYLE = Automatic;
				CURRENT_PROJECT_VERSION = 1;
				DEVELOPMENT_ASSET_PATHS = "\"ToDoList/Preview Content\"";
				DEVELOPMENT_TEAM = 7P3G4Y9CSP;
				ENABLE_PREVIEWS = YES;
				GENERATE_INFOPLIST_FILE = YES;
				INFOPLIST_KEY_CFBundleDisplayName = "To Do List";
				INFOPLIST_KEY_UIApplicationSceneManifest_Generation = YES;
				INFOPLIST_KEY_UIApplicationSupportsIndirectInputEvents = YES;
				INFOPLIST_KEY_UILaunchScreen_Generation = YES;
				INFOPLIST_KEY_UILaunchStoryboardName = "Launch Screen.storyboard";
				INFOPLIST_KEY_UISupportedInterfaceOrientations = UIInterfaceOrientationPortrait;
				LD_RUNPATH_SEARCH_PATHS = (
					"$(inherited)",
					"@executable_path/Frameworks",
				);
				MARKETING_VERSION = 1.0;
				PRODUCT_BUNDLE_IDENTIFIER = "Marcelo-de-Arau-jo.ToDoList";
				PRODUCT_NAME = "$(TARGET_NAME)";
				SWIFT_EMIT_LOC_STRINGS = YES;
				SWIFT_VERSION = 5.0;
				TARGETED_DEVICE_FAMILY = "1,2";
			};
			name = Debug;
		};
		148A816A2A07D0FE0023C163 /* Release */ = {
			isa = XCBuildConfiguration;
			buildSettings = {
				ASSETCATALOG_COMPILER_APPICON_NAME = AppIcon;
				ASSETCATALOG_COMPILER_GLOBAL_ACCENT_COLOR_NAME = AccentColor;
				CODE_SIGN_STYLE = Automatic;
				CURRENT_PROJECT_VERSION = 1;
				DEVELOPMENT_ASSET_PATHS = "\"ToDoList/Preview Content\"";
				DEVELOPMENT_TEAM = 7P3G4Y9CSP;
				ENABLE_PREVIEWS = YES;
				GENERATE_INFOPLIST_FILE = YES;
				INFOPLIST_KEY_CFBundleDisplayName = "To Do List";
				INFOPLIST_KEY_UIApplicationSceneManifest_Generation = YES;
				INFOPLIST_KEY_UIApplicationSupportsIndirectInputEvents = YES;
				INFOPLIST_KEY_UILaunchScreen_Generation = YES;
				INFOPLIST_KEY_UILaunchStoryboardName = "Launch Screen.storyboard";
				INFOPLIST_KEY_UISupportedInterfaceOrientations = UIInterfaceOrientationPortrait;
				LD_RUNPATH_SEARCH_PATHS = (
					"$(inherited)",
					"@executable_path/Frameworks",
				);
				MARKETING_VERSION = 1.0;
				PRODUCT_BUNDLE_IDENTIFIER = "Marcelo-de-Arau-jo.ToDoList";
				PRODUCT_NAME = "$(TARGET_NAME)";
				SWIFT_EMIT_LOC_STRINGS = YES;
				SWIFT_VERSION = 5.0;
				TARGETED_DEVICE_FAMILY = "1,2";
			};
			name = Release;
		};
/* End XCBuildConfiguration section */

/* Begin XCConfigurationList section */
		148A81552A07D0FD0023C163 /* Build configuration list for PBXProject "ToDoList" */ = {
			isa = XCConfigurationList;
			buildConfigurations = (
				148A81662A07D0FE0023C163 /* Debug */,
				148A81672A07D0FE0023C163 /* Release */,
			);
			defaultConfigurationIsVisible = 0;
			defaultConfigurationName = Release;
		};
		148A81682A07D0FE0023C163 /* Build configuration list for PBXNativeTarget "ToDoList" */ = {
			isa = XCConfigurationList;
			buildConfigurations = (
				148A81692A07D0FE0023C163 /* Debug */,
				148A816A2A07D0FE0023C163 /* Release */,
			);
			defaultConfigurationIsVisible = 0;
			defaultConfigurationName = Release;
		};
/* End XCConfigurationList section */

/* Begin XCRemoteSwiftPackageReference section */
		148A816B2A07D1D10023C163 /* XCRemoteSwiftPackageReference "firebase-ios-sdk" */ = {
			isa = XCRemoteSwiftPackageReference;
			repositoryURL = "https://github.com/firebase/firebase-ios-sdk";
			requirement = {
				kind = upToNextMajorVersion;
				minimumVersion = 10.0.0;
			};
		};
/* End XCRemoteSwiftPackageReference section */

/* Begin XCSwiftPackageProductDependency section */
		148A816C2A07D1D10023C163 /* FirebaseAuth */ = {
			isa = XCSwiftPackageProductDependency;
			package = 148A816B2A07D1D10023C163 /* XCRemoteSwiftPackageReference "firebase-ios-sdk" */;
			productName = FirebaseAuth;
		};
		148A816E2A07D1D10023C163 /* FirebaseFirestore */ = {
			isa = XCSwiftPackageProductDependency;
			package = 148A816B2A07D1D10023C163 /* XCRemoteSwiftPackageReference "firebase-ios-sdk" */;
			productName = FirebaseFirestore;
		};
		148A81702A07D1D10023C163 /* FirebaseFirestoreSwift */ = {
			isa = XCSwiftPackageProductDependency;
			package = 148A816B2A07D1D10023C163 /* XCRemoteSwiftPackageReference "firebase-ios-sdk" */;
			productName = FirebaseFirestoreSwift;
		};
/* End XCSwiftPackageProductDependency section */
	};
	rootObject = 148A81522A07D0FD0023C163 /* Project object */;
}
